# Build-only tools for installing Reigh's vendored timeline-schema package into
# the paired Astrid virtualenv. Keep aligned with Astrid's pinned pyproject
# build-system requirements.
setuptools==80.9.0 \
    --hash=sha256:062d34222ad13e0cc312a4c02d73f059e86a4acbfbdea8f8f76b28c99f306922
wheel==0.46.3 \
    --hash=sha256:4b399d56c9d9338230118d705d9737a2a468ccca63d5e813e2a4fc7815d8bc4d
